
Microsoft Visual Studio Solution File, Format Version 12.00
# Visual Studio Version 17
VisualStudioVersion = 17.5.33502.453
MinimumVisualStudioVersion = 10.0.40219.1
Project("{FAE04EC0-301F-11D3-BF4B-00C04F79EFBC}") = "LAB3", "LAB3.csproj", "{2E879F62-5432-4946-9C44-4F298557DB01}"
EndProject
Global
	GlobalSection(SolutionConfigurationPlatforms) = preSolution
		Debug|Any CPU = Debug|Any CPU
		Release|Any CPU = Release|Any CPU
	EndGlobalSection
	GlobalSection(ProjectConfigurationPlatforms) = postSolution
		{2E879F62-5432-4946-9C44-4F298557DB01}.Debug|Any CPU.ActiveCfg = Debug|Any CPU
		{2E879F62-5432-4946-9C44-4F298557DB01}.Debug|Any CPU.Build.0 = Debug|Any CPU
		{2E879F62-5432-4946-9C44-4F298557DB01}.Release|Any CPU.ActiveCfg = Release|Any CPU
		{2E879F62-5432-4946-9C44-4F298557DB01}.Release|Any CPU.Build.0 = Release|Any CPU
	EndGlobalSection
	GlobalSection(SolutionProperties) = preSolution
		HideSolutionNode = FALSE
	EndGlobalSection
	GlobalSection(ExtensibilityGlobals) = postSolution
		SolutionGuid = {AC4F1F29-B4FC-40A6-B2DB-95241F3DA7AF}
	EndGlobalSection
EndGlobal
