
Microsoft Visual Studio Solution File, Format Version 12.00
# Visual Studio Version 17
VisualStudioVersion = 17.1.32210.238
MinimumVisualStudioVersion = 10.0.40219.1
Project("{FAE04EC0-301F-11D3-BF4B-00C04F79EFBC}") = "Laboratorio1", "Laboratorio1.csproj", "{969F14AA-793B-4C9F-8BF1-971D4A4D3B1A}"
EndProject
Global
	GlobalSection(SolutionConfigurationPlatforms) = preSolution
		Debug|Any CPU = Debug|Any CPU
		Release|Any CPU = Release|Any CPU
	EndGlobalSection
	GlobalSection(ProjectConfigurationPlatforms) = postSolution
		{969F14AA-793B-4C9F-8BF1-971D4A4D3B1A}.Debug|Any CPU.ActiveCfg = Debug|Any CPU
		{969F14AA-793B-4C9F-8BF1-971D4A4D3B1A}.Debug|Any CPU.Build.0 = Debug|Any CPU
		{969F14AA-793B-4C9F-8BF1-971D4A4D3B1A}.Release|Any CPU.ActiveCfg = Release|Any CPU
		{969F14AA-793B-4C9F-8BF1-971D4A4D3B1A}.Release|Any CPU.Build.0 = Release|Any CPU
	EndGlobalSection
	GlobalSection(SolutionProperties) = preSolution
		HideSolutionNode = FALSE
	EndGlobalSection
	GlobalSection(ExtensibilityGlobals) = postSolution
		SolutionGuid = {21A07639-8677-4CAE-96F3-70C3B0B68ECE}
	EndGlobalSection
EndGlobal
